// !$*UTF8*$!
{
	archiveVersion = 1;
	classes = {
	};
	objectVersion = 50;
	objects = {

/* Begin PBXBuildFile section */
		0174D8B5FFB7BC88A3D91C32 /* Pods_JobChallengeUITests.framework in Frameworks */ = {isa = PBXBuildFile; fileRef = 7F818947C7F72131EFB1A6D3 /* Pods_JobChallengeUITests.framework */; };
		3098EC5C97AFC53810571E89 /* Pods_JobChallengeTests.framework in Frameworks */ = {isa = PBXBuildFile; fileRef = 16BDDCB1623A2A678A464AF6 /* Pods_JobChallengeTests.framework */; };
		4F450E2721A5F991006BA9D3 /* AppDelegate.swift in Sources */ = {isa = PBXBuildFile; fileRef = 4F450E2621A5F991006BA9D3 /* AppDelegate.swift */; };
		4F450E2C21A5F991006BA9D3 /* Main.storyboard in Resources */ = {isa = PBXBuildFile; fileRef = 4F450E2A21A5F991006BA9D3 /* Main.storyboard */; };
		4F450E2E21A5F992006BA9D3 /* Assets.xcassets in Resources */ = {isa = PBXBuildFile; fileRef = 4F450E2D21A5F992006BA9D3 /* Assets.xcassets */; };
		4F450E3121A5F992006BA9D3 /* LaunchScreen.storyboard in Resources */ = {isa = PBXBuildFile; fileRef = 4F450E2F21A5F992006BA9D3 /* LaunchScreen.storyboard */; };
		4F450E3C21A5F993006BA9D3 /* JobChallengeTests.swift in Sources */ = {isa = PBXBuildFile; fileRef = 4F450E3B21A5F993006BA9D3 /* JobChallengeTests.swift */; };
		4F450E4721A5F993006BA9D3 /* JobChallengeUITests.swift in Sources */ = {isa = PBXBuildFile; fileRef = 4F450E4621A5F993006BA9D3 /* JobChallengeUITests.swift */; };
		4F450E5521A60BCC006BA9D3 /* SearchViewController.swift in Sources */ = {isa = PBXBuildFile; fileRef = 4F450E5421A60BCC006BA9D3 /* SearchViewController.swift */; };
		4F450E5921A62524006BA9D3 /* Search.swift in Sources */ = {isa = PBXBuildFile; fileRef = 4F450E5821A62524006BA9D3 /* Search.swift */; };
		4F450E5B21A62D4B006BA9D3 /* Result.swift in Sources */ = {isa = PBXBuildFile; fileRef = 4F450E5A21A62D4B006BA9D3 /* Result.swift */; };
		4F450E5D21A71A6D006BA9D3 /* ResultDetailsViewController.swift in Sources */ = {isa = PBXBuildFile; fileRef = 4F450E5C21A71A6D006BA9D3 /* ResultDetailsViewController.swift */; };
		4F450E5F21A76F21006BA9D3 /* TimeFormatter.swift in Sources */ = {isa = PBXBuildFile; fileRef = 4F450E5E21A76F21006BA9D3 /* TimeFormatter.swift */; };
		4FB45B4021AAB699001BF41E /* PopOverViewController.swift in Sources */ = {isa = PBXBuildFile; fileRef = 4FB45B3F21AAB699001BF41E /* PopOverViewController.swift */; };
		7E38B47A82FD090574E3E632 /* Pods_JobChallenge.framework in Frameworks */ = {isa = PBXBuildFile; fileRef = 01847BE8D11D423062F755BB /* Pods_JobChallenge.framework */; };
/* End PBXBuildFile section */

/* Begin PBXContainerItemProxy section */
		4F450E3821A5F993006BA9D3 /* PBXContainerItemProxy */ = {
			isa = PBXContainerItemProxy;
			containerPortal = 4F450E1B21A5F991006BA9D3 /* Project object */;
			proxyType = 1;
			remoteGlobalIDString = 4F450E2221A5F991006BA9D3;
			remoteInfo = JobChallenge;
		};
		4F450E4321A5F993006BA9D3 /* PBXContainerItemProxy */ = {
			isa = PBXContainerItemProxy;
			containerPortal = 4F450E1B21A5F991006BA9D3 /* Project object */;
			proxyType = 1;
			remoteGlobalIDString = 4F450E2221A5F991006BA9D3;
			remoteInfo = JobChallenge;
		};
/* End PBXContainerItemProxy section */

/* Begin PBXFileReference section */
		01847BE8D11D423062F755BB /* Pods_JobChallenge.framework */ = {isa = PBXFileReference; explicitFileType = wrapper.framework; includeInIndex = 0; path = Pods_JobChallenge.framework; sourceTree = BUILT_PRODUCTS_DIR; };
		16BDDCB1623A2A678A464AF6 /* Pods_JobChallengeTests.framework */ = {isa = PBXFileReference; explicitFileType = wrapper.framework; includeInIndex = 0; path = Pods_JobChallengeTests.framework; sourceTree = BUILT_PRODUCTS_DIR; };
		4F450E2321A5F991006BA9D3 /* JobChallenge.app */ = {isa = PBXFileReference; explicitFileType = wrapper.application; includeInIndex = 0; path = JobChallenge.app; sourceTree = BUILT_PRODUCTS_DIR; };
		4F450E2621A5F991006BA9D3 /* AppDelegate.swift */ = {isa = PBXFileReference; lastKnownFileType = sourcecode.swift; path = AppDelegate.swift; sourceTree = "<group>"; };
		4F450E2B21A5F991006BA9D3 /* Base */ = {isa = PBXFileReference; lastKnownFileType = file.storyboard; name = Base; path = Base.lproj/Main.storyboard; sourceTree = "<group>"; };
		4F450E2D21A5F992006BA9D3 /* Assets.xcassets */ = {isa = PBXFileReference; lastKnownFileType = folder.assetcatalog; path = Assets.xcassets; sourceTree = "<group>"; };
		4F450E3021A5F992006BA9D3 /* Base */ = {isa = PBXFileReference; lastKnownFileType = file.storyboard; name = Base; path = Base.lproj/LaunchScreen.storyboard; sourceTree = "<group>"; };
		4F450E3221A5F992006BA9D3 /* Info.plist */ = {isa = PBXFileReference; lastKnownFileType = text.plist.xml; path = Info.plist; sourceTree = "<group>"; };
		4F450E3721A5F993006BA9D3 /* JobChallengeTests.xctest */ = {isa = PBXFileReference; explicitFileType = wrapper.cfbundle; includeInIndex = 0; path = JobChallengeTests.xctest; sourceTree = BUILT_PRODUCTS_DIR; };
		4F450E3B21A5F993006BA9D3 /* JobChallengeTests.swift */ = {isa = PBXFileReference; lastKnownFileType = sourcecode.swift; path = JobChallengeTests.swift; sourceTree = "<group>"; };
		4F450E3D21A5F993006BA9D3 /* Info.plist */ = {isa = PBXFileReference; lastKnownFileType = text.plist.xml; path = Info.plist; sourceTree = "<group>"; };
		4F450E4221A5F993006BA9D3 /* JobChallengeUITests.xctest */ = {isa = PBXFileReference; explicitFileType = wrapper.cfbundle; includeInIndex = 0; path = JobChallengeUITests.xctest; sourceTree = BUILT_PRODUCTS_DIR; };
		4F450E4621A5F993006BA9D3 /* JobChallengeUITests.swift */ = {isa = PBXFileReference; lastKnownFileType = sourcecode.swift; path = JobChallengeUITests.swift; sourceTree = "<group>"; };
		4F450E4821A5F993006BA9D3 /* Info.plist */ = {isa = PBXFileReference; lastKnownFileType = text.plist.xml; path = Info.plist; sourceTree = "<group>"; };
		4F450E5421A60BCC006BA9D3 /* SearchViewController.swift */ = {isa = PBXFileReference; lastKnownFileType = sourcecode.swift; path = SearchViewController.swift; sourceTree = "<group>"; };
		4F450E5821A62524006BA9D3 /* Search.swift */ = {isa = PBXFileReference; lastKnownFileType = sourcecode.swift; path = Search.swift; sourceTree = "<group>"; };
		4F450E5A21A62D4B006BA9D3 /* Result.swift */ = {isa = PBXFileReference; lastKnownFileType = sourcecode.swift; path = Result.swift; sourceTree = "<group>"; };
		4F450E5C21A71A6D006BA9D3 /* ResultDetailsViewController.swift */ = {isa = PBXFileReference; lastKnownFileType = sourcecode.swift; path = ResultDetailsViewController.swift; sourceTree = "<group>"; };
		4F450E5E21A76F21006BA9D3 /* TimeFormatter.swift */ = {isa = PBXFileReference; lastKnownFileType = sourcecode.swift; path = TimeFormatter.swift; sourceTree = "<group>"; };
		4FB45B3F21AAB699001BF41E /* PopOverViewController.swift */ = {isa = PBXFileReference; lastKnownFileType = sourcecode.swift; path = PopOverViewController.swift; sourceTree = "<group>"; };
		5AC42A876A8FD43C0E332BF2 /* Pods-JobChallengeUITests.release.xcconfig */ = {isa = PBXFileReference; includeInIndex = 1; lastKnownFileType = text.xcconfig; name = "Pods-JobChallengeUITests.release.xcconfig"; path = "Pods/Target Support Files/Pods-JobChallengeUITests/Pods-JobChallengeUITests.release.xcconfig"; sourceTree = "<group>"; };
		63E4157D844ECDE4771335CA /* Pods-JobChallenge.debug.xcconfig */ = {isa = PBXFileReference; includeInIndex = 1; lastKnownFileType = text.xcconfig; name = "Pods-JobChallenge.debug.xcconfig"; path = "Pods/Target Support Files/Pods-JobChallenge/Pods-JobChallenge.debug.xcconfig"; sourceTree = "<group>"; };
		7F818947C7F72131EFB1A6D3 /* Pods_JobChallengeUITests.framework */ = {isa = PBXFileReference; explicitFileType = wrapper.framework; includeInIndex = 0; path = Pods_JobChallengeUITests.framework; sourceTree = BUILT_PRODUCTS_DIR; };
		8CBFFAD13B180B33C3B08F1F /* Pods-JobChallengeTests.debug.xcconfig */ = {isa = PBXFileReference; includeInIndex = 1; lastKnownFileType = text.xcconfig; name = "Pods-JobChallengeTests.debug.xcconfig"; path = "Pods/Target Support Files/Pods-JobChallengeTests/Pods-JobChallengeTests.debug.xcconfig"; sourceTree = "<group>"; };
		CCC02B1B6E8E9B58CC095F6A /* Pods-JobChallengeUITests.debug.xcconfig */ = {isa = PBXFileReference; includeInIndex = 1; lastKnownFileType = text.xcconfig; name = "Pods-JobChallengeUITests.debug.xcconfig"; path = "Pods/Target Support Files/Pods-JobChallengeUITests/Pods-JobChallengeUITests.debug.xcconfig"; sourceTree = "<group>"; };
		E3892B0397897B467DE33830 /* Pods-JobChallengeTests.release.xcconfig */ = {isa = PBXFileReference; includeInIndex = 1; lastKnownFileType = text.xcconfig; name = "Pods-JobChallengeTests.release.xcconfig"; path = "Pods/Target Support Files/Pods-JobChallengeTests/Pods-JobChallengeTests.release.xcconfig"; sourceTree = "<group>"; };
		E4307D7D42CBD7AB16A13312 /* Pods-JobChallenge.release.xcconfig */ = {isa = PBXFileReference; includeInIndex = 1; lastKnownFileType = text.xcconfig; name = "Pods-JobChallenge.release.xcconfig"; path = "Pods/Target Support Files/Pods-JobChallenge/Pods-JobChallenge.release.xcconfig"; sourceTree = "<group>"; };
/* End PBXFileReference section */

/* Begin PBXFrameworksBuildPhase section */
		4F450E2021A5F991006BA9D3 /* Frameworks */ = {
			isa = PBXFrameworksBuildPhase;
			buildActionMask = 2147483647;
			files = (
				7E38B47A82FD090574E3E632 /* Pods_JobChallenge.framework in Frameworks */,
			);
			runOnlyForDeploymentPostprocessing = 0;
		};
		4F450E3421A5F993006BA9D3 /* Frameworks */ = {
			isa = PBXFrameworksBuildPhase;
			buildActionMask = 2147483647;
			files = (
				3098EC5C97AFC53810571E89 /* Pods_JobChallengeTests.framework in Frameworks */,
			);
			runOnlyForDeploymentPostprocessing = 0;
		};
		4F450E3F21A5F993006BA9D3 /* Frameworks */ = {
			isa = PBXFrameworksBuildPhase;
			buildActionMask = 2147483647;
			files = (
				0174D8B5FFB7BC88A3D91C32 /* Pods_JobChallengeUITests.framework in Frameworks */,
			);
			runOnlyForDeploymentPostprocessing = 0;
		};
/* End PBXFrameworksBuildPhase section */

/* Begin PBXGroup section */
		4F18AD5421AB3B9C0064C9B4 /* Model */ = {
			isa = PBXGroup;
			children = (
				4F450E5A21A62D4B006BA9D3 /* Result.swift */,
				4F450E5821A62524006BA9D3 /* Search.swift */,
			);
			path = Model;
			sourceTree = "<group>";
		};
		4F18AD5521AB40DE0064C9B4 /* Controller */ = {
			isa = PBXGroup;
			children = (
				4F450E5421A60BCC006BA9D3 /* SearchViewController.swift */,
				4F450E5C21A71A6D006BA9D3 /* ResultDetailsViewController.swift */,
			);
			path = Controller;
			sourceTree = "<group>";
		};
		4F450E1A21A5F991006BA9D3 = {
			isa = PBXGroup;
			children = (
				4F450E2521A5F991006BA9D3 /* JobChallenge */,
				4F450E3A21A5F993006BA9D3 /* JobChallengeTests */,
				4F450E4521A5F993006BA9D3 /* JobChallengeUITests */,
				4F450E2421A5F991006BA9D3 /* Products */,
				52521588D91A96088EC20C5D /* Pods */,
				DB0E18A66CFF5158CFC35F17 /* Frameworks */,
			);
			sourceTree = "<group>";
		};
		4F450E2421A5F991006BA9D3 /* Products */ = {
			isa = PBXGroup;
			children = (
				4F450E2321A5F991006BA9D3 /* JobChallenge.app */,
				4F450E3721A5F993006BA9D3 /* JobChallengeTests.xctest */,
				4F450E4221A5F993006BA9D3 /* JobChallengeUITests.xctest */,
			);
			name = Products;
			sourceTree = "<group>";
		};
		4F450E2521A5F991006BA9D3 /* JobChallenge */ = {
			isa = PBXGroup;
			children = (
				4F18AD5521AB40DE0064C9B4 /* Controller */,
				4F18AD5421AB3B9C0064C9B4 /* Model */,
				4FB45B3E21AAB67D001BF41E /* PopOver */,
				4F450E6021A9DE94006BA9D3 /* Helper */,
				4F450E2621A5F991006BA9D3 /* AppDelegate.swift */,
				4F450E2A21A5F991006BA9D3 /* Main.storyboard */,
				4F450E2D21A5F992006BA9D3 /* Assets.xcassets */,
				4F450E2F21A5F992006BA9D3 /* LaunchScreen.storyboard */,
				4F450E3221A5F992006BA9D3 /* Info.plist */,
			);
			path = JobChallenge;
			sourceTree = "<group>";
		};
		4F450E3A21A5F993006BA9D3 /* JobChallengeTests */ = {
			isa = PBXGroup;
			children = (
				4F450E3B21A5F993006BA9D3 /* JobChallengeTests.swift */,
				4F450E3D21A5F993006BA9D3 /* Info.plist */,
			);
			path = JobChallengeTests;
			sourceTree = "<group>";
		};
		4F450E4521A5F993006BA9D3 /* JobChallengeUITests */ = {
			isa = PBXGroup;
			children = (
				4F450E4621A5F993006BA9D3 /* JobChallengeUITests.swift */,
				4F450E4821A5F993006BA9D3 /* Info.plist */,
			);
			path = JobChallengeUITests;
			sourceTree = "<group>";
		};
		4F450E6021A9DE94006BA9D3 /* Helper */ = {
			isa = PBXGroup;
			children = (
				4F450E5E21A76F21006BA9D3 /* TimeFormatter.swift */,
			);
			path = Helper;
			sourceTree = "<group>";
		};
		4FB45B3E21AAB67D001BF41E /* PopOver */ = {
			isa = PBXGroup;
			children = (
				4FB45B3F21AAB699001BF41E /* PopOverViewController.swift */,
			);
			path = PopOver;
			sourceTree = "<group>";
		};
		52521588D91A96088EC20C5D /* Pods */ = {
			isa = PBXGroup;
			children = (
				63E4157D844ECDE4771335CA /* Pods-JobChallenge.debug.xcconfig */,
				E4307D7D42CBD7AB16A13312 /* Pods-JobChallenge.release.xcconfig */,
				8CBFFAD13B180B33C3B08F1F /* Pods-JobChallengeTests.debug.xcconfig */,
				E3892B0397897B467DE33830 /* Pods-JobChallengeTests.release.xcconfig */,
				CCC02B1B6E8E9B58CC095F6A /* Pods-JobChallengeUITests.debug.xcconfig */,
				5AC42A876A8FD43C0E332BF2 /* Pods-JobChallengeUITests.release.xcconfig */,
			);
			name = Pods;
			sourceTree = "<group>";
		};
		DB0E18A66CFF5158CFC35F17 /* Frameworks */ = {
			isa = PBXGroup;
			children = (
				01847BE8D11D423062F755BB /* Pods_JobChallenge.framework */,
				16BDDCB1623A2A678A464AF6 /* Pods_JobChallengeTests.framework */,
				7F818947C7F72131EFB1A6D3 /* Pods_JobChallengeUITests.framework */,
			);
			name = Frameworks;
			sourceTree = "<group>";
		};
/* End PBXGroup section */

/* Begin PBXNativeTarget section */
		4F450E2221A5F991006BA9D3 /* JobChallenge */ = {
			isa = PBXNativeTarget;
			buildConfigurationList = 4F450E4B21A5F993006BA9D3 /* Build configuration list for PBXNativeTarget "JobChallenge" */;
			buildPhases = (
				477B62B673D803B1831E6015 /* [CP] Check Pods Manifest.lock */,
				4F450E1F21A5F991006BA9D3 /* Sources */,
				4F450E2021A5F991006BA9D3 /* Frameworks */,
				4F450E2121A5F991006BA9D3 /* Resources */,
				38AB070B22E8CF9DA3A7799B /* [CP] Embed Pods Frameworks */,
			);
			buildRules = (
			);
			dependencies = (
			);
			name = JobChallenge;
			productName = JobChallenge;
			productReference = 4F450E2321A5F991006BA9D3 /* JobChallenge.app */;
			productType = "com.apple.product-type.application";
		};
		4F450E3621A5F993006BA9D3 /* JobChallengeTests */ = {
			isa = PBXNativeTarget;
			buildConfigurationList = 4F450E4E21A5F993006BA9D3 /* Build configuration list for PBXNativeTarget "JobChallengeTests" */;
			buildPhases = (
				69724082005E04B9EE715223 /* [CP] Check Pods Manifest.lock */,
				4F450E3321A5F993006BA9D3 /* Sources */,
				4F450E3421A5F993006BA9D3 /* Frameworks */,
				4F450E3521A5F993006BA9D3 /* Resources */,
			);
			buildRules = (
			);
			dependencies = (
				4F450E3921A5F993006BA9D3 /* PBXTargetDependency */,
			);
			name = JobChallengeTests;
			productName = JobChallengeTests;
			productReference = 4F450E3721A5F993006BA9D3 /* JobChallengeTests.xctest */;
			productType = "com.apple.product-type.bundle.unit-test";
		};
		4F450E4121A5F993006BA9D3 /* JobChallengeUITests */ = {
			isa = PBXNativeTarget;
			buildConfigurationList = 4F450E5121A5F993006BA9D3 /* Build configuration list for PBXNativeTarget "JobChallengeUITests" */;
			buildPhases = (
				C5B12CF1D549A3D071F847A9 /* [CP] Check Pods Manifest.lock */,
				4F450E3E21A5F993006BA9D3 /* Sources */,
				4F450E3F21A5F993006BA9D3 /* Frameworks */,
				4F450E4021A5F993006BA9D3 /* Resources */,
			);
			buildRules = (
			);
			dependencies = (
				4F450E4421A5F993006BA9D3 /* PBXTargetDependency */,
			);
			name = JobChallengeUITests;
			productName = JobChallengeUITests;
			productReference = 4F450E4221A5F993006BA9D3 /* JobChallengeUITests.xctest */;
			productType = "com.apple.product-type.bundle.ui-testing";
		};
/* End PBXNativeTarget section */

/* Begin PBXProject section */
		4F450E1B21A5F991006BA9D3 /* Project object */ = {
			isa = PBXProject;
			attributes = {
				LastSwiftUpdateCheck = 1000;
				LastUpgradeCheck = 1000;
				ORGANIZATIONNAME = "Big Brother";
				TargetAttributes = {
					4F450E2221A5F991006BA9D3 = {
						CreatedOnToolsVersion = 10.0;
					};
					4F450E3621A5F993006BA9D3 = {
						CreatedOnToolsVersion = 10.0;
						TestTargetID = 4F450E2221A5F991006BA9D3;
					};
					4F450E4121A5F993006BA9D3 = {
						CreatedOnToolsVersion = 10.0;
						TestTargetID = 4F450E2221A5F991006BA9D3;
					};
				};
			};
			buildConfigurationList = 4F450E1E21A5F991006BA9D3 /* Build configuration list for PBXProject "JobChallenge" */;
			compatibilityVersion = "Xcode 9.3";
			developmentRegion = en;
			hasScannedForEncodings = 0;
			knownRegions = (
				en,
				Base,
			);
			mainGroup = 4F450E1A21A5F991006BA9D3;
			productRefGroup = 4F450E2421A5F991006BA9D3 /* Products */;
			projectDirPath = "";
			projectRoot = "";
			targets = (
				4F450E2221A5F991006BA9D3 /* JobChallenge */,
				4F450E3621A5F993006BA9D3 /* JobChallengeTests */,
				4F450E4121A5F993006BA9D3 /* JobChallengeUITests */,
			);
		};
/* End PBXProject section */

/* Begin PBXResourcesBuildPhase section */
		4F450E2121A5F991006BA9D3 /* Resources */ = {
			isa = PBXResourcesBuildPhase;
			buildActionMask = 2147483647;
			files = (
				4F450E3121A5F992006BA9D3 /* LaunchScreen.storyboard in Resources */,
				4F450E2E21A5F992006BA9D3 /* Assets.xcassets in Resources */,
				4F450E2C21A5F991006BA9D3 /* Main.storyboard in Resources */,
			);
			runOnlyForDeploymentPostprocessing = 0;
		};
		4F450E3521A5F993006BA9D3 /* Resources */ = {
			isa = PBXResourcesBuildPhase;
			buildActionMask = 2147483647;
			files = (
			);
			runOnlyForDeploymentPostprocessing = 0;
		};
		4F450E4021A5F993006BA9D3 /* Resources */ = {
			isa = PBXResourcesBuildPhase;
			buildActionMask = 2147483647;
			files = (
			);
			runOnlyForDeploymentPostprocessing = 0;
		};
/* End PBXResourcesBuildPhase section */

/* Begin PBXShellScriptBuildPhase section */
		38AB070B22E8CF9DA3A7799B /* [CP] Embed Pods Frameworks */ = {
			isa = PBXShellScriptBuildPhase;
			buildActionMask = 2147483647;
			files = (
			);
			inputFileListPaths = (
			);
			inputPaths = (
				"${SRCROOT}/Pods/Target Support Files/Pods-JobChallenge/Pods-JobChallenge-frameworks.sh",
				"${BUILT_PRODUCTS_DIR}/Kingfisher/Kingfisher.framework",
			);
			name = "[CP] Embed Pods Frameworks";
			outputFileListPaths = (
			);
			outputPaths = (
				"${TARGET_BUILD_DIR}/${FRAMEWORKS_FOLDER_PATH}/Kingfisher.framework",
			);
			runOnlyForDeploymentPostprocessing = 0;
			shellPath = /bin/sh;
			shellScript = "\"${SRCROOT}/Pods/Target Support Files/Pods-JobChallenge/Pods-JobChallenge-frameworks.sh\"\n";
			showEnvVarsInLog = 0;
		};
		477B62B673D803B1831E6015 /* [CP] Check Pods Manifest.lock */ = {
			isa = PBXShellScriptBuildPhase;
			buildActionMask = 2147483647;
			files = (
			);
			inputFileListPaths = (
			);
			inputPaths = (
				"${PODS_PODFILE_DIR_PATH}/Podfile.lock",
				"${PODS_ROOT}/Manifest.lock",
			);
			name = "[CP] Check Pods Manifest.lock";
			outputFileListPaths = (
			);
			outputPaths = (
				"$(DERIVED_FILE_DIR)/Pods-JobChallenge-checkManifestLockResult.txt",
			);
			runOnlyForDeploymentPostprocessing = 0;
			shellPath = /bin/sh;
			shellScript = "diff \"${PODS_PODFILE_DIR_PATH}/Podfile.lock\" \"${PODS_ROOT}/Manifest.lock\" > /dev/null\nif [ $? != 0 ] ; then\n    # print error to STDERR\n    echo \"error: The sandbox is not in sync with the Podfile.lock. Run 'pod install' or update your CocoaPods installation.\" >&2\n    exit 1\nfi\n# This output is used by Xcode 'outputs' to avoid re-running this script phase.\necho \"SUCCESS\" > \"${SCRIPT_OUTPUT_FILE_0}\"\n";
			showEnvVarsInLog = 0;
		};
		69724082005E04B9EE715223 /* [CP] Check Pods Manifest.lock */ = {
			isa = PBXShellScriptBuildPhase;
			buildActionMask = 2147483647;
			files = (
			);
			inputFileListPaths = (
			);
			inputPaths = (
				"${PODS_PODFILE_DIR_PATH}/Podfile.lock",
				"${PODS_ROOT}/Manifest.lock",
			);
			name = "[CP] Check Pods Manifest.lock";
			outputFileListPaths = (
			);
			outputPaths = (
				"$(DERIVED_FILE_DIR)/Pods-JobChallengeTests-checkManifestLockResult.txt",
			);
			runOnlyForDeploymentPostprocessing = 0;
			shellPath = /bin/sh;
			shellScript = "diff \"${PODS_PODFILE_DIR_PATH}/Podfile.lock\" \"${PODS_ROOT}/Manifest.lock\" > /dev/null\nif [ $? != 0 ] ; then\n    # print error to STDERR\n    echo \"error: The sandbox is not in sync with the Podfile.lock. Run 'pod install' or update your CocoaPods installation.\" >&2\n    exit 1\nfi\n# This output is used by Xcode 'outputs' to avoid re-running this script phase.\necho \"SUCCESS\" > \"${SCRIPT_OUTPUT_FILE_0}\"\n";
			showEnvVarsInLog = 0;
		};
		C5B12CF1D549A3D071F847A9 /* [CP] Check Pods Manifest.lock */ = {
			isa = PBXShellScriptBuildPhase;
			buildActionMask = 2147483647;
			files = (
			);
			inputFileListPaths = (
			);
			inputPaths = (
				"${PODS_PODFILE_DIR_PATH}/Podfile.lock",
				"${PODS_ROOT}/Manifest.lock",
			);
			name = "[CP] Check Pods Manifest.lock";
			outputFileListPaths = (
			);
			outputPaths = (
				"$(DERIVED_FILE_DIR)/Pods-JobChallengeUITests-checkManifestLockResult.txt",
			);
			runOnlyForDeploymentPostprocessing = 0;
			shellPath = /bin/sh;
			shellScript = "diff \"${PODS_PODFILE_DIR_PATH}/Podfile.lock\" \"${PODS_ROOT}/Manifest.lock\" > /dev/null\nif [ $? != 0 ] ; then\n    # print error to STDERR\n    echo \"error: The sandbox is not in sync with the Podfile.lock. Run 'pod install' or update your CocoaPods installation.\" >&2\n    exit 1\nfi\n# This output is used by Xcode 'outputs' to avoid re-running this script phase.\necho \"SUCCESS\" > \"${SCRIPT_OUTPUT_FILE_0}\"\n";
			showEnvVarsInLog = 0;
		};
/* End PBXShellScriptBuildPhase section */

/* Begin PBXSourcesBuildPhase section */
		4F450E1F21A5F991006BA9D3 /* Sources */ = {
			isa = PBXSourcesBuildPhase;
			buildActionMask = 2147483647;
			files = (
				4F450E5B21A62D4B006BA9D3 /* Result.swift in Sources */,
				4F450E5F21A76F21006BA9D3 /* TimeFormatter.swift in Sources */,
				4F450E5521A60BCC006BA9D3 /* SearchViewController.swift in Sources */,
				4F450E5D21A71A6D006BA9D3 /* ResultDetailsViewController.swift in Sources */,
				4F450E5921A62524006BA9D3 /* Search.swift in Sources */,
				4FB45B4021AAB699001BF41E /* PopOverViewController.swift in Sources */,
				4F450E2721A5F991006BA9D3 /* AppDelegate.swift in Sources */,
			);
			runOnlyForDeploymentPostprocessing = 0;
		};
		4F450E3321A5F993006BA9D3 /* Sources */ = {
			isa = PBXSourcesBuildPhase;
			buildActionMask = 2147483647;
			files = (
				4F450E3C21A5F993006BA9D3 /* JobChallengeTests.swift in Sources */,
			);
			runOnlyForDeploymentPostprocessing = 0;
		};
		4F450E3E21A5F993006BA9D3 /* Sources */ = {
			isa = PBXSourcesBuildPhase;
			buildActionMask = 2147483647;
			files = (
				4F450E4721A5F993006BA9D3 /* JobChallengeUITests.swift in Sources */,
			);
			runOnlyForDeploymentPostprocessing = 0;
		};
/* End PBXSourcesBuildPhase section */

/* Begin PBXTargetDependency section */
		4F450E3921A5F993006BA9D3 /* PBXTargetDependency */ = {
			isa = PBXTargetDependency;
			target = 4F450E2221A5F991006BA9D3 /* JobChallenge */;
			targetProxy = 4F450E3821A5F993006BA9D3 /* PBXContainerItemProxy */;
		};
		4F450E4421A5F993006BA9D3 /* PBXTargetDependency */ = {
			isa = PBXTargetDependency;
			target = 4F450E2221A5F991006BA9D3 /* JobChallenge */;
			targetProxy = 4F450E4321A5F993006BA9D3 /* PBXContainerItemProxy */;
		};
/* End PBXTargetDependency section */

/* Begin PBXVariantGroup section */
		4F450E2A21A5F991006BA9D3 /* Main.storyboard */ = {
			isa = PBXVariantGroup;
			children = (
				4F450E2B21A5F991006BA9D3 /* Base */,
			);
			name = Main.storyboard;
			sourceTree = "<group>";
		};
		4F450E2F21A5F992006BA9D3 /* LaunchScreen.storyboard */ = {
			isa = PBXVariantGroup;
			children = (
				4F450E3021A5F992006BA9D3 /* Base */,
			);
			name = LaunchScreen.storyboard;
			sourceTree = "<group>";
		};
/* End PBXVariantGroup section */

/* Begin XCBuildConfiguration section */
		4F450E4921A5F993006BA9D3 /* Debug */ = {
			isa = XCBuildConfiguration;
			buildSettings = {
				ALWAYS_SEARCH_USER_PATHS = NO;
				CLANG_ANALYZER_NONNULL = YES;
				CLANG_ANALYZER_NUMBER_OBJECT_CONVERSION = YES_AGGRESSIVE;
				CLANG_CXX_LANGUAGE_STANDARD = "gnu++14";
				CLANG_CXX_LIBRARY = "libc++";
				CLANG_ENABLE_MODULES = YES;
				CLANG_ENABLE_OBJC_ARC = YES;
				CLANG_ENABLE_OBJC_WEAK = YES;
				CLANG_WARN_BLOCK_CAPTURE_AUTORELEASING = YES;
				CLANG_WARN_BOOL_CONVERSION = YES;
				CLANG_WARN_COMMA = YES;
				CLANG_WARN_CONSTANT_CONVERSION = YES;
				CLANG_WARN_DEPRECATED_OBJC_IMPLEMENTATIONS = YES;
				CLANG_WARN_DIRECT_OBJC_ISA_USAGE = YES_ERROR;
				CLANG_WARN_DOCUMENTATION_COMMENTS = YES;
				CLANG_WARN_EMPTY_BODY = YES;
				CLANG_WARN_ENUM_CONVERSION = YES;
				CLANG_WARN_INFINITE_RECURSION = YES;
				CLANG_WARN_INT_CONVERSION = YES;
				CLANG_WARN_NON_LITERAL_NULL_CONVERSION = YES;
				CLANG_WARN_OBJC_IMPLICIT_RETAIN_SELF = YES;
				CLANG_WARN_OBJC_LITERAL_CONVERSION = YES;
				CLANG_WARN_OBJC_ROOT_CLASS = YES_ERROR;
				CLANG_WARN_RANGE_LOOP_ANALYSIS = YES;
				CLANG_WARN_STRICT_PROTOTYPES = YES;
				CLANG_WARN_SUSPICIOUS_MOVE = YES;
				CLANG_WARN_UNGUARDED_AVAILABILITY = YES_AGGRESSIVE;
				CLANG_WARN_UNREACHABLE_CODE = YES;
				CLANG_WARN__DUPLICATE_METHOD_MATCH = YES;
				CODE_SIGN_IDENTITY = "iPhone Developer";
				COPY_PHASE_STRIP = NO;
				DEBUG_INFORMATION_FORMAT = dwarf;
				ENABLE_STRICT_OBJC_MSGSEND = YES;
				ENABLE_TESTABILITY = YES;
				GCC_C_LANGUAGE_STANDARD = gnu11;
				GCC_DYNAMIC_NO_PIC = NO;
				GCC_NO_COMMON_BLOCKS = YES;
				GCC_OPTIMIZATION_LEVEL = 0;
				GCC_PREPROCESSOR_DEFINITIONS = (
					"DEBUG=1",
					"$(inherited)",
				);
				GCC_WARN_64_TO_32_BIT_CONVERSION = YES;
				GCC_WARN_ABOUT_RETURN_TYPE = YES_ERROR;
				GCC_WARN_UNDECLARED_SELECTOR = YES;
				GCC_WARN_UNINITIALIZED_AUTOS = YES_AGGRESSIVE;
				GCC_WARN_UNUSED_FUNCTION = YES;
				GCC_WARN_UNUSED_VARIABLE = YES;
				IPHONEOS_DEPLOYMENT_TARGET = 12.0;
				MTL_ENABLE_DEBUG_INFO = INCLUDE_SOURCE;
				MTL_FAST_MATH = YES;
				ONLY_ACTIVE_ARCH = YES;
				SDKROOT = iphoneos;
				SWIFT_ACTIVE_COMPILATION_CONDITIONS = DEBUG;
				SWIFT_OPTIMIZATION_LEVEL = "-Onone";
			};
			name = Debug;
		};
		4F450E4A21A5F993006BA9D3 /* Release */ = {
			isa = XCBuildConfiguration;
			buildSettings = {
				ALWAYS_SEARCH_USER_PATHS = NO;
				CLANG_ANALYZER_NONNULL = YES;
				CLANG_ANALYZER_NUMBER_OBJECT_CONVERSION = YES_AGGRESSIVE;
				CLANG_CXX_LANGUAGE_STANDARD = "gnu++14";
				CLANG_CXX_LIBRARY = "libc++";
				CLANG_ENABLE_MODULES = YES;
				CLANG_ENABLE_OBJC_ARC = YES;
				CLANG_ENABLE_OBJC_WEAK = YES;
				CLANG_WARN_BLOCK_CAPTURE_AUTORELEASING = YES;
				CLANG_WARN_BOOL_CONVERSION = YES;
				CLANG_WARN_COMMA = YES;
				CLANG_WARN_CONSTANT_CONVERSION = YES;
				CLANG_WARN_DEPRECATED_OBJC_IMPLEMENTATIONS = YES;
				CLANG_WARN_DIRECT_OBJC_ISA_USAGE = YES_ERROR;
				CLANG_WARN_DOCUMENTATION_COMMENTS = YES;
				CLANG_WARN_EMPTY_BODY = YES;
				CLANG_WARN_ENUM_CONVERSION = YES;
				CLANG_WARN_INFINITE_RECURSION = YES;
				CLANG_WARN_INT_CONVERSION = YES;
				CLANG_WARN_NON_LITERAL_NULL_CONVERSION = YES;
				CLANG_WARN_OBJC_IMPLICIT_RETAIN_SELF = YES;
				CLANG_WARN_OBJC_LITERAL_CONVERSION = YES;
				CLANG_WARN_OBJC_ROOT_CLASS = YES_ERROR;
				CLANG_WARN_RANGE_LOOP_ANALYSIS = YES;
				CLANG_WARN_STRICT_PROTOTYPES = YES;
				CLANG_WARN_SUSPICIOUS_MOVE = YES;
				CLANG_WARN_UNGUARDED_AVAILABILITY = YES_AGGRESSIVE;
				CLANG_WARN_UNREACHABLE_CODE = YES;
				CLANG_WARN__DUPLICATE_METHOD_MATCH = YES;
				CODE_SIGN_IDENTITY = "iPhone Developer";
				COPY_PHASE_STRIP = NO;
				DEBUG_INFORMATION_FORMAT = "dwarf-with-dsym";
				ENABLE_NS_ASSERTIONS = NO;
				ENABLE_STRICT_OBJC_MSGSEND = YES;
				GCC_C_LANGUAGE_STANDARD = gnu11;
				GCC_NO_COMMON_BLOCKS = YES;
				GCC_WARN_64_TO_32_BIT_CONVERSION = YES;
				GCC_WARN_ABOUT_RETURN_TYPE = YES_ERROR;
				GCC_WARN_UNDECLARED_SELECTOR = YES;
				GCC_WARN_UNINITIALIZED_AUTOS = YES_AGGRESSIVE;
				GCC_WARN_UNUSED_FUNCTION = YES;
				GCC_WARN_UNUSED_VARIABLE = YES;
				IPHONEOS_DEPLOYMENT_TARGET = 12.0;
				MTL_ENABLE_DEBUG_INFO = NO;
				MTL_FAST_MATH = YES;
				SDKROOT = iphoneos;
				SWIFT_COMPILATION_MODE = wholemodule;
				SWIFT_OPTIMIZATION_LEVEL = "-O";
				VALIDATE_PRODUCT = YES;
			};
			name = Release;
		};
		4F450E4C21A5F993006BA9D3 /* Debug */ = {
			isa = XCBuildConfiguration;
			baseConfigurationReference = 63E4157D844ECDE4771335CA /* Pods-JobChallenge.debug.xcconfig */;
			buildSettings = {
				ASSETCATALOG_COMPILER_APPICON_NAME = AppIcon;
				CODE_SIGN_STYLE = Automatic;
				DEVELOPMENT_TEAM = D27Y95P5BP;
				INFOPLIST_FILE = JobChallenge/Info.plist;
				LD_RUNPATH_SEARCH_PATHS = (
					"$(inherited)",
					"@executable_path/Frameworks",
				);
				PRODUCT_BUNDLE_IDENTIFIER = challenge.gesundheitscloud.com.JobChallenge;
				PRODUCT_NAME = "$(TARGET_NAME)";
				SWIFT_VERSION = 4.2;
				TARGETED_DEVICE_FAMILY = "1,2";
			};
			name = Debug;
		};
		4F450E4D21A5F993006BA9D3 /* Release */ = {
			isa = XCBuildConfiguration;
			baseConfigurationReference = E4307D7D42CBD7AB16A13312 /* Pods-JobChallenge.release.xcconfig */;
			buildSettings = {
				ASSETCATALOG_COMPILER_APPICON_NAME = AppIcon;
				CODE_SIGN_STYLE = Automatic;
				DEVELOPMENT_TEAM = D27Y95P5BP;
				INFOPLIST_FILE = JobChallenge/Info.plist;
				LD_RUNPATH_SEARCH_PATHS = (
					"$(inherited)",
					"@executable_path/Frameworks",
				);
				PRODUCT_BUNDLE_IDENTIFIER = challenge.gesundheitscloud.com.JobChallenge;
				PRODUCT_NAME = "$(TARGET_NAME)";
				SWIFT_VERSION = 4.2;
				TARGETED_DEVICE_FAMILY = "1,2";
			};
			name = Release;
		};
		4F450E4F21A5F993006BA9D3 /* Debug */ = {
			isa = XCBuildConfiguration;
			baseConfigurationReference = 8CBFFAD13B180B33C3B08F1F /* Pods-JobChallengeTests.debug.xcconfig */;
			buildSettings = {
				ALWAYS_EMBED_SWIFT_STANDARD_LIBRARIES = YES;
				BUNDLE_LOADER = "$(TEST_HOST)";
				CODE_SIGN_STYLE = Automatic;
				DEVELOPMENT_TEAM = D27Y95P5BP;
				INFOPLIST_FILE = JobChallengeTests/Info.plist;
				LD_RUNPATH_SEARCH_PATHS = (
					"$(inherited)",
					"@executable_path/Frameworks",
					"@loader_path/Frameworks",
				);
				PRODUCT_BUNDLE_IDENTIFIER = challenge.gesundheitscloud.com.JobChallengeTests;
				PRODUCT_NAME = "$(TARGET_NAME)";
				SWIFT_VERSION = 4.2;
				TARGETED_DEVICE_FAMILY = "1,2";
				TEST_HOST = "$(BUILT_PRODUCTS_DIR)/JobChallenge.app/JobChallenge";
			};
			name = Debug;
		};
		4F450E5021A5F993006BA9D3 /* Release */ = {
			isa = XCBuildConfiguration;
			baseConfigurationReference = E3892B0397897B467DE33830 /* Pods-JobChallengeTests.release.xcconfig */;
			buildSettings = {
				ALWAYS_EMBED_SWIFT_STANDARD_LIBRARIES = YES;
				BUNDLE_LOADER = "$(TEST_HOST)";
				CODE_SIGN_STYLE = Automatic;
				DEVELOPMENT_TEAM = D27Y95P5BP;
				INFOPLIST_FILE = JobChallengeTests/Info.plist;
				LD_RUNPATH_SEARCH_PATHS = (
					"$(inherited)",
					"@executable_path/Frameworks",
					"@loader_path/Frameworks",
				);
				PRODUCT_BUNDLE_IDENTIFIER = challenge.gesundheitscloud.com.JobChallengeTests;
				PRODUCT_NAME = "$(TARGET_NAME)";
				SWIFT_VERSION = 4.2;
				TARGETED_DEVICE_FAMILY = "1,2";
				TEST_HOST = "$(BUILT_PRODUCTS_DIR)/JobChallenge.app/JobChallenge";
			};
			name = Release;
		};
		4F450E5221A5F993006BA9D3 /* Debug */ = {
			isa = XCBuildConfiguration;
			baseConfigurationReference = CCC02B1B6E8E9B58CC095F6A /* Pods-JobChallengeUITests.debug.xcconfig */;
			buildSettings = {
				ALWAYS_EMBED_SWIFT_STANDARD_LIBRARIES = YES;
				CODE_SIGN_STYLE = Automatic;
				DEVELOPMENT_TEAM = D27Y95P5BP;
				INFOPLIST_FILE = JobChallengeUITests/Info.plist;
				LD_RUNPATH_SEARCH_PATHS = (
					"$(inherited)",
					"@executable_path/Frameworks",
					"@loader_path/Frameworks",
				);
				PRODUCT_BUNDLE_IDENTIFIER = challenge.gesundheitscloud.com.JobChallengeUITests;
				PRODUCT_NAME = "$(TARGET_NAME)";
				SWIFT_VERSION = 4.2;
				TARGETED_DEVICE_FAMILY = "1,2";
				TEST_TARGET_NAME = JobChallenge;
			};
			name = Debug;
		};
		4F450E5321A5F993006BA9D3 /* Release */ = {
			isa = XCBuildConfiguration;
			baseConfigurationReference = 5AC42A876A8FD43C0E332BF2 /* Pods-JobChallengeUITests.release.xcconfig */;
			buildSettings = {
				ALWAYS_EMBED_SWIFT_STANDARD_LIBRARIES = YES;
				CODE_SIGN_STYLE = Automatic;
				DEVELOPMENT_TEAM = D27Y95P5BP;
				INFOPLIST_FILE = JobChallengeUITests/Info.plist;
				LD_RUNPATH_SEARCH_PATHS = (
					"$(inherited)",
					"@executable_path/Frameworks",
					"@loader_path/Frameworks",
				);
				PRODUCT_BUNDLE_IDENTIFIER = challenge.gesundheitscloud.com.JobChallengeUITests;
				PRODUCT_NAME = "$(TARGET_NAME)";
				SWIFT_VERSION = 4.2;
				TARGETED_DEVICE_FAMILY = "1,2";
				TEST_TARGET_NAME = JobChallenge;
			};
			name = Release;
		};
/* End XCBuildConfiguration section */

/* Begin XCConfigurationList section */
		4F450E1E21A5F991006BA9D3 /* Build configuration list for PBXProject "JobChallenge" */ = {
			isa = XCConfigurationList;
			buildConfigurations = (
				4F450E4921A5F993006BA9D3 /* Debug */,
				4F450E4A21A5F993006BA9D3 /* Release */,
			);
			defaultConfigurationIsVisible = 0;
			defaultConfigurationName = Release;
		};
		4F450E4B21A5F993006BA9D3 /* Build configuration list for PBXNativeTarget "JobChallenge" */ = {
			isa = XCConfigurationList;
			buildConfigurations = (
				4F450E4C21A5F993006BA9D3 /* Debug */,
				4F450E4D21A5F993006BA9D3 /* Release */,
			);
			defaultConfigurationIsVisible = 0;
			defaultConfigurationName = Release;
		};
		4F450E4E21A5F993006BA9D3 /* Build configuration list for PBXNativeTarget "JobChallengeTests" */ = {
			isa = XCConfigurationList;
			buildConfigurations = (
				4F450E4F21A5F993006BA9D3 /* Debug */,
				4F450E5021A5F993006BA9D3 /* Release */,
			);
			defaultConfigurationIsVisible = 0;
			defaultConfigurationName = Release;
		};
		4F450E5121A5F993006BA9D3 /* Build configuration list for PBXNativeTarget "JobChallengeUITests" */ = {
			isa = XCConfigurationList;
			buildConfigurations = (
				4F450E5221A5F993006BA9D3 /* Debug */,
				4F450E5321A5F993006BA9D3 /* Release */,
			);
			defaultConfigurationIsVisible = 0;
			defaultConfigurationName = Release;
		};
/* End XCConfigurationList section */
	};
	rootObject = 4F450E1B21A5F991006BA9D3 /* Project object */;
}
